
Microsoft Visual Studio Solution File, Format Version 12.00
# Visual Studio Version 16
VisualStudioVersion = 16.0.30611.23
MinimumVisualStudioVersion = 10.0.40219.1
Project("{FAE04EC0-301F-11D3-BF4B-00C04F79EFBC}") = "SugarSystem", "SugarSystem\SugarSystem.csproj", "{C0AC3989-A21A-466D-A5D7-04B45C015EC6}"
EndProject
Global
	GlobalSection(SolutionConfigurationPlatforms) = preSolution
		Debug|Any CPU = Debug|Any CPU
		Release|Any CPU = Release|Any CPU
	EndGlobalSection
	GlobalSection(ProjectConfigurationPlatforms) = postSolution
		{C0AC3989-A21A-466D-A5D7-04B45C015EC6}.Debug|Any CPU.ActiveCfg = Debug|Any CPU
		{C0AC3989-A21A-466D-A5D7-04B45C015EC6}.Debug|Any CPU.Build.0 = Debug|Any CPU
		{C0AC3989-A21A-466D-A5D7-04B45C015EC6}.Release|Any CPU.ActiveCfg = Release|Any CPU
		{C0AC3989-A21A-466D-A5D7-04B45C015EC6}.Release|Any CPU.Build.0 = Release|Any CPU
	EndGlobalSection
	GlobalSection(SolutionProperties) = preSolution
		HideSolutionNode = FALSE
	EndGlobalSection
	GlobalSection(ExtensibilityGlobals) = postSolution
		SolutionGuid = {8F1B0972-D367-45FD-B24D-A3BD21072523}
	EndGlobalSection
EndGlobal
